// !$*UTF8*$!
{
	archiveVersion = 1;
	classes = {
	};
	objectVersion = 56;
	objects = {

/* Begin PBXBuildFile section */
		D4DCEB741066EE0B8D72486D /* Pods_Tik_Tok.framework in Frameworks */ = {isa = PBXBuildFile; fileRef = 8EB443C5B7FAD91AF1EC2ECC /* Pods_Tik_Tok.framework */; };
		EC06EB0E2A18D56A0067D6EF /* RecordButton.swift in Sources */ = {isa = PBXBuildFile; fileRef = EC06EB0D2A18D56A0067D6EF /* RecordButton.swift */; };
		EC06EB102A18DF0A0067D6EF /* CaptionViewController.swift in Sources */ = {isa = PBXBuildFile; fileRef = EC06EB0F2A18DF0A0067D6EF /* CaptionViewController.swift */; };
		EC06EB132A192D310067D6EF /* ProgressHUD in Frameworks */ = {isa = PBXBuildFile; productRef = EC06EB122A192D310067D6EF /* ProgressHUD */; };
		EC127F3B2A15FA3300BED2A5 /* ExploreHashtagCollectionViewCell.swift in Sources */ = {isa = PBXBuildFile; fileRef = EC127F3A2A15FA3300BED2A5 /* ExploreHashtagCollectionViewCell.swift */; };
		EC127F3D2A15FA4C00BED2A5 /* ExplorePostsCollectionViewCell.swift in Sources */ = {isa = PBXBuildFile; fileRef = EC127F3C2A15FA4C00BED2A5 /* ExplorePostsCollectionViewCell.swift */; };
		EC127F3F2A15FA6300BED2A5 /* ExploreBannerCollectionViewCell.swift in Sources */ = {isa = PBXBuildFile; fileRef = EC127F3E2A15FA6300BED2A5 /* ExploreBannerCollectionViewCell.swift */; };
		EC3A275A2A1362DC00BAA768 /* UIView+Ext.swift in Sources */ = {isa = PBXBuildFile; fileRef = EC3A27592A1362DC00BAA768 /* UIView+Ext.swift */; };
		EC3A275D2A136FFE00BAA768 /* PostModel.swift in Sources */ = {isa = PBXBuildFile; fileRef = EC3A275C2A136FFE00BAA768 /* PostModel.swift */; };
		EC4C625C2A13C5400016428F /* CommentsViewController.swift in Sources */ = {isa = PBXBuildFile; fileRef = EC4C625B2A13C5400016428F /* CommentsViewController.swift */; };
		EC4C625E2A13E8090016428F /* PostComment.swift in Sources */ = {isa = PBXBuildFile; fileRef = EC4C625D2A13E8090016428F /* PostComment.swift */; };
		EC4C62622A140E770016428F /* CommentTableViewCell.swift in Sources */ = {isa = PBXBuildFile; fileRef = EC4C62612A140E770016428F /* CommentTableViewCell.swift */; };
		EC4C62642A1410F40016428F /* UIString+Ext.swift in Sources */ = {isa = PBXBuildFile; fileRef = EC4C62632A1410F40016428F /* UIString+Ext.swift */; };
		EC4C62662A14E7600016428F /* video.mp4 in Resources */ = {isa = PBXBuildFile; fileRef = EC4C62652A14E7600016428F /* video.mp4 */; };
		EC4C62682A1512750016428F /* User.swift in Sources */ = {isa = PBXBuildFile; fileRef = EC4C62672A1512750016428F /* User.swift */; };
		EC4C626A2A1512900016428F /* ExploreSection.swift in Sources */ = {isa = PBXBuildFile; fileRef = EC4C62692A1512900016428F /* ExploreSection.swift */; };
		EC4C626C2A1512BD0016428F /* ExploreCell.swift in Sources */ = {isa = PBXBuildFile; fileRef = EC4C626B2A1512BD0016428F /* ExploreCell.swift */; };
		EC4C626E2A1512E40016428F /* ExploreSectionType.swift in Sources */ = {isa = PBXBuildFile; fileRef = EC4C626D2A1512E40016428F /* ExploreSectionType.swift */; };
		EC4C62712A15148A0016428F /* ExploreBannerViewModel.swift in Sources */ = {isa = PBXBuildFile; fileRef = EC4C62702A15148A0016428F /* ExploreBannerViewModel.swift */; };
		EC4C62732A1514A30016428F /* ExplorePostViewModel.swift in Sources */ = {isa = PBXBuildFile; fileRef = EC4C62722A1514A30016428F /* ExplorePostViewModel.swift */; };
		EC4C62752A1514B80016428F /* ExploreHashtagViewModel.swift in Sources */ = {isa = PBXBuildFile; fileRef = EC4C62742A1514B80016428F /* ExploreHashtagViewModel.swift */; };
		EC4C62772A1514D70016428F /* ExploreUserViewModel.swift in Sources */ = {isa = PBXBuildFile; fileRef = EC4C62762A1514D70016428F /* ExploreUserViewModel.swift */; };
		EC4C62792A154E250016428F /* explore.json in Resources */ = {isa = PBXBuildFile; fileRef = EC4C62782A154E250016428F /* explore.json */; };
		EC4C627B2A155AC60016428F /* ExploreManager.swift in Sources */ = {isa = PBXBuildFile; fileRef = EC4C627A2A155AC60016428F /* ExploreManager.swift */; };
		EC4C627D2A1583010016428F /* ExploreUserCollectionViewCell.swift in Sources */ = {isa = PBXBuildFile; fileRef = EC4C627C2A1583010016428F /* ExploreUserCollectionViewCell.swift */; };
		EC5B321E2A17510300A09014 /* FirebaseAnalytics in Frameworks */ = {isa = PBXBuildFile; productRef = EC5B321D2A17510300A09014 /* FirebaseAnalytics */; };
		EC5B32202A17510300A09014 /* FirebaseAuth in Frameworks */ = {isa = PBXBuildFile; productRef = EC5B321F2A17510300A09014 /* FirebaseAuth */; };
		EC5B32222A17510300A09014 /* FirebaseCrashlytics in Frameworks */ = {isa = PBXBuildFile; productRef = EC5B32212A17510300A09014 /* FirebaseCrashlytics */; };
		EC5B32242A17510300A09014 /* FirebaseDatabase in Frameworks */ = {isa = PBXBuildFile; productRef = EC5B32232A17510300A09014 /* FirebaseDatabase */; };
		EC5B32262A17510300A09014 /* FirebaseStorage in Frameworks */ = {isa = PBXBuildFile; productRef = EC5B32252A17510300A09014 /* FirebaseStorage */; };
		EC5B32292A1765C600A09014 /* AuthField.swift in Sources */ = {isa = PBXBuildFile; fileRef = EC5B32282A1765C600A09014 /* AuthField.swift */; };
		EC5B322B2A17660D00A09014 /* AuthButton.swift in Sources */ = {isa = PBXBuildFile; fileRef = EC5B322A2A17660D00A09014 /* AuthButton.swift */; };
		EC858E632A12782E00FFC363 /* AppDelegate.swift in Sources */ = {isa = PBXBuildFile; fileRef = EC858E622A12782E00FFC363 /* AppDelegate.swift */; };
		EC858E652A12782E00FFC363 /* SceneDelegate.swift in Sources */ = {isa = PBXBuildFile; fileRef = EC858E642A12782E00FFC363 /* SceneDelegate.swift */; };
		EC858E672A12782E00FFC363 /* HomeViewController.swift in Sources */ = {isa = PBXBuildFile; fileRef = EC858E662A12782E00FFC363 /* HomeViewController.swift */; };
		EC858E6C2A12782F00FFC363 /* Assets.xcassets in Resources */ = {isa = PBXBuildFile; fileRef = EC858E6B2A12782F00FFC363 /* Assets.xcassets */; };
		EC858E6F2A12782F00FFC363 /* LaunchScreen.storyboard in Resources */ = {isa = PBXBuildFile; fileRef = EC858E6D2A12782F00FFC363 /* LaunchScreen.storyboard */; };
		EC858E7C2A127D9600FFC363 /* ExploreViewController.swift in Sources */ = {isa = PBXBuildFile; fileRef = EC858E7B2A127D9600FFC363 /* ExploreViewController.swift */; };
		EC858E7E2A127DE200FFC363 /* CameraViewController.swift in Sources */ = {isa = PBXBuildFile; fileRef = EC858E7D2A127DE200FFC363 /* CameraViewController.swift */; };
		EC858E802A127DFB00FFC363 /* NotificationsViewController.swift in Sources */ = {isa = PBXBuildFile; fileRef = EC858E7F2A127DFB00FFC363 /* NotificationsViewController.swift */; };
		EC858E822A127E1000FFC363 /* ProfileViewController.swift in Sources */ = {isa = PBXBuildFile; fileRef = EC858E812A127E1000FFC363 /* ProfileViewController.swift */; };
		EC858E842A127EB800FFC363 /* UserListViewController.swift in Sources */ = {isa = PBXBuildFile; fileRef = EC858E832A127EB800FFC363 /* UserListViewController.swift */; };
		EC858E862A127EC900FFC363 /* SingInViewController.swift in Sources */ = {isa = PBXBuildFile; fileRef = EC858E852A127EC900FFC363 /* SingInViewController.swift */; };
		EC858E882A127ED800FFC363 /* SingUpViewController.swift in Sources */ = {isa = PBXBuildFile; fileRef = EC858E872A127ED800FFC363 /* SingUpViewController.swift */; };
		EC858E8A2A127EE400FFC363 /* SettingsViewController.swift in Sources */ = {isa = PBXBuildFile; fileRef = EC858E892A127EE400FFC363 /* SettingsViewController.swift */; };
		EC858E8C2A127F0700FFC363 /* TabBarViewController.swift in Sources */ = {isa = PBXBuildFile; fileRef = EC858E8B2A127F0700FFC363 /* TabBarViewController.swift */; };
		EC858E8E2A127F4700FFC363 /* PostViewController.swift in Sources */ = {isa = PBXBuildFile; fileRef = EC858E8D2A127F4700FFC363 /* PostViewController.swift */; };
		EC858E912A127F6800FFC363 /* APICall.swift in Sources */ = {isa = PBXBuildFile; fileRef = EC858E902A127F6800FFC363 /* APICall.swift */; };
		EC858E932A127F7C00FFC363 /* StorageManager.swift in Sources */ = {isa = PBXBuildFile; fileRef = EC858E922A127F7C00FFC363 /* StorageManager.swift */; };
		EC858E952A127FA400FFC363 /* DataBaseManager.swift in Sources */ = {isa = PBXBuildFile; fileRef = EC858E942A127FA400FFC363 /* DataBaseManager.swift */; };
		EC858E972A127FCA00FFC363 /* AuthenticationManager.swift in Sources */ = {isa = PBXBuildFile; fileRef = EC858E962A127FCA00FFC363 /* AuthenticationManager.swift */; };
		EC858E992A127FE800FFC363 /* HapticsManager.swift in Sources */ = {isa = PBXBuildFile; fileRef = EC858E982A127FE800FFC363 /* HapticsManager.swift */; };
		EC858EA62A12AC4700FFC363 /* GoogleService-Info.plist in Resources */ = {isa = PBXBuildFile; fileRef = EC858EA52A12AC4700FFC363 /* GoogleService-Info.plist */; };
/* End PBXBuildFile section */

/* Begin PBXFileReference section */
		31316598F2408CA1B106D7D6 /* Pods-Tik-Tok.debug.xcconfig */ = {isa = PBXFileReference; includeInIndex = 1; lastKnownFileType = text.xcconfig; name = "Pods-Tik-Tok.debug.xcconfig"; path = "Target Support Files/Pods-Tik-Tok/Pods-Tik-Tok.debug.xcconfig"; sourceTree = "<group>"; };
		71A109BAF988C9EB55A05E45 /* Pods-Tik-Tok.release.xcconfig */ = {isa = PBXFileReference; includeInIndex = 1; lastKnownFileType = text.xcconfig; name = "Pods-Tik-Tok.release.xcconfig"; path = "Target Support Files/Pods-Tik-Tok/Pods-Tik-Tok.release.xcconfig"; sourceTree = "<group>"; };
		8EB443C5B7FAD91AF1EC2ECC /* Pods_Tik_Tok.framework */ = {isa = PBXFileReference; explicitFileType = wrapper.framework; includeInIndex = 0; path = Pods_Tik_Tok.framework; sourceTree = BUILT_PRODUCTS_DIR; };
		EC06EB0D2A18D56A0067D6EF /* RecordButton.swift */ = {isa = PBXFileReference; lastKnownFileType = sourcecode.swift; path = RecordButton.swift; sourceTree = "<group>"; };
		EC06EB0F2A18DF0A0067D6EF /* CaptionViewController.swift */ = {isa = PBXFileReference; lastKnownFileType = sourcecode.swift; path = CaptionViewController.swift; sourceTree = "<group>"; };
		EC127F3A2A15FA3300BED2A5 /* ExploreHashtagCollectionViewCell.swift */ = {isa = PBXFileReference; lastKnownFileType = sourcecode.swift; path = ExploreHashtagCollectionViewCell.swift; sourceTree = "<group>"; };
		EC127F3C2A15FA4C00BED2A5 /* ExplorePostsCollectionViewCell.swift */ = {isa = PBXFileReference; lastKnownFileType = sourcecode.swift; path = ExplorePostsCollectionViewCell.swift; sourceTree = "<group>"; };
		EC127F3E2A15FA6300BED2A5 /* ExploreBannerCollectionViewCell.swift */ = {isa = PBXFileReference; lastKnownFileType = sourcecode.swift; path = ExploreBannerCollectionViewCell.swift; sourceTree = "<group>"; };
		EC3A27592A1362DC00BAA768 /* UIView+Ext.swift */ = {isa = PBXFileReference; lastKnownFileType = sourcecode.swift; path = "UIView+Ext.swift"; sourceTree = "<group>"; };
		EC3A275C2A136FFE00BAA768 /* PostModel.swift */ = {isa = PBXFileReference; lastKnownFileType = sourcecode.swift; path = PostModel.swift; sourceTree = "<group>"; };
		EC4C625B2A13C5400016428F /* CommentsViewController.swift */ = {isa = PBXFileReference; lastKnownFileType = sourcecode.swift; path = CommentsViewController.swift; sourceTree = "<group>"; };
		EC4C625D2A13E8090016428F /* PostComment.swift */ = {isa = PBXFileReference; lastKnownFileType = sourcecode.swift; path = PostComment.swift; sourceTree = "<group>"; };
		EC4C62612A140E770016428F /* CommentTableViewCell.swift */ = {isa = PBXFileReference; lastKnownFileType = sourcecode.swift; path = CommentTableViewCell.swift; sourceTree = "<group>"; };
		EC4C62632A1410F40016428F /* UIString+Ext.swift */ = {isa = PBXFileReference; lastKnownFileType = sourcecode.swift; path = "UIString+Ext.swift"; sourceTree = "<group>"; };
		EC4C62652A14E7600016428F /* video.mp4 */ = {isa = PBXFileReference; lastKnownFileType = file; path = video.mp4; sourceTree = "<group>"; };
		EC4C62672A1512750016428F /* User.swift */ = {isa = PBXFileReference; lastKnownFileType = sourcecode.swift; path = User.swift; sourceTree = "<group>"; };
		EC4C62692A1512900016428F /* ExploreSection.swift */ = {isa = PBXFileReference; lastKnownFileType = sourcecode.swift; path = ExploreSection.swift; sourceTree = "<group>"; };
		EC4C626B2A1512BD0016428F /* ExploreCell.swift */ = {isa = PBXFileReference; lastKnownFileType = sourcecode.swift; path = ExploreCell.swift; sourceTree = "<group>"; };
		EC4C626D2A1512E40016428F /* ExploreSectionType.swift */ = {isa = PBXFileReference; lastKnownFileType = sourcecode.swift; path = ExploreSectionType.swift; sourceTree = "<group>"; };
		EC4C62702A15148A0016428F /* ExploreBannerViewModel.swift */ = {isa = PBXFileReference; lastKnownFileType = sourcecode.swift; path = ExploreBannerViewModel.swift; sourceTree = "<group>"; };
		EC4C62722A1514A30016428F /* ExplorePostViewModel.swift */ = {isa = PBXFileReference; lastKnownFileType = sourcecode.swift; path = ExplorePostViewModel.swift; sourceTree = "<group>"; };
		EC4C62742A1514B80016428F /* ExploreHashtagViewModel.swift */ = {isa = PBXFileReference; lastKnownFileType = sourcecode.swift; path = ExploreHashtagViewModel.swift; sourceTree = "<group>"; };
		EC4C62762A1514D70016428F /* ExploreUserViewModel.swift */ = {isa = PBXFileReference; lastKnownFileType = sourcecode.swift; path = ExploreUserViewModel.swift; sourceTree = "<group>"; };
		EC4C62782A154E250016428F /* explore.json */ = {isa = PBXFileReference; fileEncoding = 4; lastKnownFileType = text.json; path = explore.json; sourceTree = "<group>"; };
		EC4C627A2A155AC60016428F /* ExploreManager.swift */ = {isa = PBXFileReference; lastKnownFileType = sourcecode.swift; path = ExploreManager.swift; sourceTree = "<group>"; };
		EC4C627C2A1583010016428F /* ExploreUserCollectionViewCell.swift */ = {isa = PBXFileReference; lastKnownFileType = sourcecode.swift; path = ExploreUserCollectionViewCell.swift; sourceTree = "<group>"; };
		EC5B32282A1765C600A09014 /* AuthField.swift */ = {isa = PBXFileReference; lastKnownFileType = sourcecode.swift; path = AuthField.swift; sourceTree = "<group>"; };
		EC5B322A2A17660D00A09014 /* AuthButton.swift */ = {isa = PBXFileReference; lastKnownFileType = sourcecode.swift; path = AuthButton.swift; sourceTree = "<group>"; };
		EC858E5F2A12782E00FFC363 /* Tik-Tok.app */ = {isa = PBXFileReference; explicitFileType = wrapper.application; includeInIndex = 0; path = "Tik-Tok.app"; sourceTree = BUILT_PRODUCTS_DIR; };
		EC858E622A12782E00FFC363 /* AppDelegate.swift */ = {isa = PBXFileReference; lastKnownFileType = sourcecode.swift; path = AppDelegate.swift; sourceTree = "<group>"; };
		EC858E642A12782E00FFC363 /* SceneDelegate.swift */ = {isa = PBXFileReference; lastKnownFileType = sourcecode.swift; path = SceneDelegate.swift; sourceTree = "<group>"; };
		EC858E662A12782E00FFC363 /* HomeViewController.swift */ = {isa = PBXFileReference; lastKnownFileType = sourcecode.swift; path = HomeViewController.swift; sourceTree = "<group>"; };
		EC858E6B2A12782F00FFC363 /* Assets.xcassets */ = {isa = PBXFileReference; lastKnownFileType = folder.assetcatalog; path = Assets.xcassets; sourceTree = "<group>"; };
		EC858E6E2A12782F00FFC363 /* Base */ = {isa = PBXFileReference; lastKnownFileType = file.storyboard; name = Base; path = Base.lproj/LaunchScreen.storyboard; sourceTree = "<group>"; };
		EC858E702A12782F00FFC363 /* Info.plist */ = {isa = PBXFileReference; lastKnownFileType = text.plist.xml; path = Info.plist; sourceTree = "<group>"; };
		EC858E7B2A127D9600FFC363 /* ExploreViewController.swift */ = {isa = PBXFileReference; lastKnownFileType = sourcecode.swift; path = ExploreViewController.swift; sourceTree = "<group>"; };
		EC858E7D2A127DE200FFC363 /* CameraViewController.swift */ = {isa = PBXFileReference; lastKnownFileType = sourcecode.swift; path = CameraViewController.swift; sourceTree = "<group>"; };
		EC858E7F2A127DFB00FFC363 /* NotificationsViewController.swift */ = {isa = PBXFileReference; lastKnownFileType = sourcecode.swift; path = NotificationsViewController.swift; sourceTree = "<group>"; };
		EC858E812A127E1000FFC363 /* ProfileViewController.swift */ = {isa = PBXFileReference; lastKnownFileType = sourcecode.swift; path = ProfileViewController.swift; sourceTree = "<group>"; };
		EC858E832A127EB800FFC363 /* UserListViewController.swift */ = {isa = PBXFileReference; lastKnownFileType = sourcecode.swift; path = UserListViewController.swift; sourceTree = "<group>"; };
		EC858E852A127EC900FFC363 /* SingInViewController.swift */ = {isa = PBXFileReference; lastKnownFileType = sourcecode.swift; path = SingInViewController.swift; sourceTree = "<group>"; };
		EC858E872A127ED800FFC363 /* SingUpViewController.swift */ = {isa = PBXFileReference; lastKnownFileType = sourcecode.swift; path = SingUpViewController.swift; sourceTree = "<group>"; };
		EC858E892A127EE400FFC363 /* SettingsViewController.swift */ = {isa = PBXFileReference; lastKnownFileType = sourcecode.swift; path = SettingsViewController.swift; sourceTree = "<group>"; };
		EC858E8B2A127F0700FFC363 /* TabBarViewController.swift */ = {isa = PBXFileReference; lastKnownFileType = sourcecode.swift; path = TabBarViewController.swift; sourceTree = "<group>"; };
		EC858E8D2A127F4700FFC363 /* PostViewController.swift */ = {isa = PBXFileReference; lastKnownFileType = sourcecode.swift; path = PostViewController.swift; sourceTree = "<group>"; };
		EC858E902A127F6800FFC363 /* APICall.swift */ = {isa = PBXFileReference; lastKnownFileType = sourcecode.swift; path = APICall.swift; sourceTree = "<group>"; };
		EC858E922A127F7C00FFC363 /* StorageManager.swift */ = {isa = PBXFileReference; lastKnownFileType = sourcecode.swift; path = StorageManager.swift; sourceTree = "<group>"; };
		EC858E942A127FA400FFC363 /* DataBaseManager.swift */ = {isa = PBXFileReference; lastKnownFileType = sourcecode.swift; path = DataBaseManager.swift; sourceTree = "<group>"; };
		EC858E962A127FCA00FFC363 /* AuthenticationManager.swift */ = {isa = PBXFileReference; lastKnownFileType = sourcecode.swift; path = AuthenticationManager.swift; sourceTree = "<group>"; };
		EC858E982A127FE800FFC363 /* HapticsManager.swift */ = {isa = PBXFileReference; lastKnownFileType = sourcecode.swift; path = HapticsManager.swift; sourceTree = "<group>"; };
		EC858EA52A12AC4700FFC363 /* GoogleService-Info.plist */ = {isa = PBXFileReference; fileEncoding = 4; lastKnownFileType = text.plist.xml; path = "GoogleService-Info.plist"; sourceTree = "<group>"; };
/* End PBXFileReference section */

/* Begin PBXFrameworksBuildPhase section */
		EC858E5C2A12782E00FFC363 /* Frameworks */ = {
			isa = PBXFrameworksBuildPhase;
			buildActionMask = 2147483647;
			files = (
				EC5B32242A17510300A09014 /* FirebaseDatabase in Frameworks */,
				EC06EB132A192D310067D6EF /* ProgressHUD in Frameworks */,
				EC5B321E2A17510300A09014 /* FirebaseAnalytics in Frameworks */,
				EC5B32222A17510300A09014 /* FirebaseCrashlytics in Frameworks */,
				EC5B32202A17510300A09014 /* FirebaseAuth in Frameworks */,
				D4DCEB741066EE0B8D72486D /* Pods_Tik_Tok.framework in Frameworks */,
				EC5B32262A17510300A09014 /* FirebaseStorage in Frameworks */,
			);
			runOnlyForDeploymentPostprocessing = 0;
		};
/* End PBXFrameworksBuildPhase section */

/* Begin PBXGroup section */
		2DED619F14D4A861946CA090 /* Pods */ = {
			isa = PBXGroup;
			children = (
				31316598F2408CA1B106D7D6 /* Pods-Tik-Tok.debug.xcconfig */,
				71A109BAF988C9EB55A05E45 /* Pods-Tik-Tok.release.xcconfig */,
			);
			path = Pods;
			sourceTree = "<group>";
		};
		8D85C1A2465A9EB06863DA96 /* Frameworks */ = {
			isa = PBXGroup;
			children = (
				8EB443C5B7FAD91AF1EC2ECC /* Pods_Tik_Tok.framework */,
			);
			name = Frameworks;
			sourceTree = "<group>";
		};
		EC3A27582A1362C200BAA768 /* Extensions */ = {
			isa = PBXGroup;
			children = (
				EC3A27592A1362DC00BAA768 /* UIView+Ext.swift */,
				EC4C62632A1410F40016428F /* UIString+Ext.swift */,
			);
			path = Extensions;
			sourceTree = "<group>";
		};
		EC3A275B2A136FF500BAA768 /* Model */ = {
			isa = PBXGroup;
			children = (
				EC3A275C2A136FFE00BAA768 /* PostModel.swift */,
				EC4C625D2A13E8090016428F /* PostComment.swift */,
				EC4C62672A1512750016428F /* User.swift */,
				EC4C62692A1512900016428F /* ExploreSection.swift */,
				EC4C626B2A1512BD0016428F /* ExploreCell.swift */,
				EC4C626D2A1512E40016428F /* ExploreSectionType.swift */,
			);
			path = Model;
			sourceTree = "<group>";
		};
		EC4C625F2A140E420016428F /* View */ = {
			isa = PBXGroup;
			children = (
				EC4C62602A140E520016428F /* Other */,
			);
			path = View;
			sourceTree = "<group>";
		};
		EC4C62602A140E520016428F /* Other */ = {
			isa = PBXGroup;
			children = (
				EC4C62612A140E770016428F /* CommentTableViewCell.swift */,
				EC127F3E2A15FA6300BED2A5 /* ExploreBannerCollectionViewCell.swift */,
				EC127F3C2A15FA4C00BED2A5 /* ExplorePostsCollectionViewCell.swift */,
				EC4C627C2A1583010016428F /* ExploreUserCollectionViewCell.swift */,
				EC127F3A2A15FA3300BED2A5 /* ExploreHashtagCollectionViewCell.swift */,
				EC5B32282A1765C600A09014 /* AuthField.swift */,
				EC5B322A2A17660D00A09014 /* AuthButton.swift */,
				EC06EB0D2A18D56A0067D6EF /* RecordButton.swift */,
				EC06EB0F2A18DF0A0067D6EF /* CaptionViewController.swift */,
			);
			path = Other;
			sourceTree = "<group>";
		};
		EC4C626F2A15145E0016428F /* ViewModel */ = {
			isa = PBXGroup;
			children = (
				EC4C62702A15148A0016428F /* ExploreBannerViewModel.swift */,
				EC4C62722A1514A30016428F /* ExplorePostViewModel.swift */,
				EC4C62742A1514B80016428F /* ExploreHashtagViewModel.swift */,
				EC4C62762A1514D70016428F /* ExploreUserViewModel.swift */,
			);
			path = ViewModel;
			sourceTree = "<group>";
		};
		EC5B32272A175D5500A09014 /* Autch */ = {
			isa = PBXGroup;
			children = (
				EC858E852A127EC900FFC363 /* SingInViewController.swift */,
				EC858E872A127ED800FFC363 /* SingUpViewController.swift */,
			);
			path = Autch;
			sourceTree = "<group>";
		};
		EC858E562A12782D00FFC363 = {
			isa = PBXGroup;
			children = (
				EC858E612A12782E00FFC363 /* Tik-Tok */,
				EC858E602A12782E00FFC363 /* Products */,
				2DED619F14D4A861946CA090 /* Pods */,
				8D85C1A2465A9EB06863DA96 /* Frameworks */,
			);
			sourceTree = "<group>";
		};
		EC858E602A12782E00FFC363 /* Products */ = {
			isa = PBXGroup;
			children = (
				EC858E5F2A12782E00FFC363 /* Tik-Tok.app */,
			);
			name = Products;
			sourceTree = "<group>";
		};
		EC858E612A12782E00FFC363 /* Tik-Tok */ = {
			isa = PBXGroup;
			children = (
				EC858E782A127BF500FFC363 /* App */,
				EC4C626F2A15145E0016428F /* ViewModel */,
				EC3A275B2A136FF500BAA768 /* Model */,
				EC858E8F2A127F5300FFC363 /* Manager */,
				EC4C625F2A140E420016428F /* View */,
				EC858E772A127BE800FFC363 /* Controllers */,
				EC3A27582A1362C200BAA768 /* Extensions */,
				EC858E762A127BDC00FFC363 /* Resources */,
			);
			path = "Tik-Tok";
			sourceTree = "<group>";
		};
		EC858E762A127BDC00FFC363 /* Resources */ = {
			isa = PBXGroup;
			children = (
				EC4C62782A154E250016428F /* explore.json */,
				EC4C62652A14E7600016428F /* video.mp4 */,
				EC858E6B2A12782F00FFC363 /* Assets.xcassets */,
				EC858E6D2A12782F00FFC363 /* LaunchScreen.storyboard */,
				EC858EA52A12AC4700FFC363 /* GoogleService-Info.plist */,
				EC858E702A12782F00FFC363 /* Info.plist */,
			);
			path = Resources;
			sourceTree = "<group>";
		};
		EC858E772A127BE800FFC363 /* Controllers */ = {
			isa = PBXGroup;
			children = (
				EC858E7A2A127CBA00FFC363 /* Other */,
				EC858E792A127CAF00FFC363 /* Core */,
			);
			path = Controllers;
			sourceTree = "<group>";
		};
		EC858E782A127BF500FFC363 /* App */ = {
			isa = PBXGroup;
			children = (
				EC858E622A12782E00FFC363 /* AppDelegate.swift */,
				EC858E642A12782E00FFC363 /* SceneDelegate.swift */,
			);
			path = App;
			sourceTree = "<group>";
		};
		EC858E792A127CAF00FFC363 /* Core */ = {
			isa = PBXGroup;
			children = (
				EC858E8B2A127F0700FFC363 /* TabBarViewController.swift */,
				EC858E662A12782E00FFC363 /* HomeViewController.swift */,
				EC858E7B2A127D9600FFC363 /* ExploreViewController.swift */,
				EC858E7D2A127DE200FFC363 /* CameraViewController.swift */,
				EC858E7F2A127DFB00FFC363 /* NotificationsViewController.swift */,
				EC858E812A127E1000FFC363 /* ProfileViewController.swift */,
			);
			path = Core;
			sourceTree = "<group>";
		};
		EC858E7A2A127CBA00FFC363 /* Other */ = {
			isa = PBXGroup;
			children = (
				EC5B32272A175D5500A09014 /* Autch */,
				EC858E832A127EB800FFC363 /* UserListViewController.swift */,
				EC858E892A127EE400FFC363 /* SettingsViewController.swift */,
				EC858E8D2A127F4700FFC363 /* PostViewController.swift */,
				EC4C625B2A13C5400016428F /* CommentsViewController.swift */,
			);
			path = Other;
			sourceTree = "<group>";
		};
		EC858E8F2A127F5300FFC363 /* Manager */ = {
			isa = PBXGroup;
			children = (
				EC858E902A127F6800FFC363 /* APICall.swift */,
				EC858E922A127F7C00FFC363 /* StorageManager.swift */,
				EC858E942A127FA400FFC363 /* DataBaseManager.swift */,
				EC858E962A127FCA00FFC363 /* AuthenticationManager.swift */,
				EC858E982A127FE800FFC363 /* HapticsManager.swift */,
				EC4C627A2A155AC60016428F /* ExploreManager.swift */,
			);
			path = Manager;
			sourceTree = "<group>";
		};
/* End PBXGroup section */

/* Begin PBXNativeTarget section */
		EC858E5E2A12782E00FFC363 /* Tik-Tok */ = {
			isa = PBXNativeTarget;
			buildConfigurationList = EC858E732A12782F00FFC363 /* Build configuration list for PBXNativeTarget "Tik-Tok" */;
			buildPhases = (
				84983CAA208B71A0DAF46474 /* [CP] Check Pods Manifest.lock */,
				EC858E5B2A12782E00FFC363 /* Sources */,
				EC858E5C2A12782E00FFC363 /* Frameworks */,
				EC858E5D2A12782E00FFC363 /* Resources */,
				655358D939268DAFC367B897 /* [CP] Embed Pods Frameworks */,
			);
			buildRules = (
			);
			dependencies = (
			);
			name = "Tik-Tok";
			packageProductDependencies = (
				EC5B321D2A17510300A09014 /* FirebaseAnalytics */,
				EC5B321F2A17510300A09014 /* FirebaseAuth */,
				EC5B32212A17510300A09014 /* FirebaseCrashlytics */,
				EC5B32232A17510300A09014 /* FirebaseDatabase */,
				EC5B32252A17510300A09014 /* FirebaseStorage */,
				EC06EB122A192D310067D6EF /* ProgressHUD */,
			);
			productName = "Tik-Tok";
			productReference = EC858E5F2A12782E00FFC363 /* Tik-Tok.app */;
			productType = "com.apple.product-type.application";
		};
/* End PBXNativeTarget section */

/* Begin PBXProject section */
		EC858E572A12782E00FFC363 /* Project object */ = {
			isa = PBXProject;
			attributes = {
				BuildIndependentTargetsInParallel = 1;
				LastSwiftUpdateCheck = 1420;
				LastUpgradeCheck = 1420;
				TargetAttributes = {
					EC858E5E2A12782E00FFC363 = {
						CreatedOnToolsVersion = 14.2;
					};
				};
			};
			buildConfigurationList = EC858E5A2A12782E00FFC363 /* Build configuration list for PBXProject "Tik-Tok" */;
			compatibilityVersion = "Xcode 14.0";
			developmentRegion = en;
			hasScannedForEncodings = 0;
			knownRegions = (
				en,
				Base,
			);
			mainGroup = EC858E562A12782D00FFC363;
			packageReferences = (
				EC5B321C2A17510300A09014 /* XCRemoteSwiftPackageReference "firebase-ios-sdk" */,
				EC06EB112A192D310067D6EF /* XCRemoteSwiftPackageReference "ProgressHUD" */,
			);
			productRefGroup = EC858E602A12782E00FFC363 /* Products */;
			projectDirPath = "";
			projectRoot = "";
			targets = (
				EC858E5E2A12782E00FFC363 /* Tik-Tok */,
			);
		};
/* End PBXProject section */

/* Begin PBXResourcesBuildPhase section */
		EC858E5D2A12782E00FFC363 /* Resources */ = {
			isa = PBXResourcesBuildPhase;
			buildActionMask = 2147483647;
			files = (
				EC4C62662A14E7600016428F /* video.mp4 in Resources */,
				EC4C62792A154E250016428F /* explore.json in Resources */,
				EC858E6F2A12782F00FFC363 /* LaunchScreen.storyboard in Resources */,
				EC858E6C2A12782F00FFC363 /* Assets.xcassets in Resources */,
				EC858EA62A12AC4700FFC363 /* GoogleService-Info.plist in Resources */,
			);
			runOnlyForDeploymentPostprocessing = 0;
		};
/* End PBXResourcesBuildPhase section */

/* Begin PBXShellScriptBuildPhase section */
		655358D939268DAFC367B897 /* [CP] Embed Pods Frameworks */ = {
			isa = PBXShellScriptBuildPhase;
			buildActionMask = 2147483647;
			files = (
			);
			inputFileListPaths = (
				"${PODS_ROOT}/Target Support Files/Pods-Tik-Tok/Pods-Tik-Tok-frameworks-${CONFIGURATION}-input-files.xcfilelist",
			);
			name = "[CP] Embed Pods Frameworks";
			outputFileListPaths = (
				"${PODS_ROOT}/Target Support Files/Pods-Tik-Tok/Pods-Tik-Tok-frameworks-${CONFIGURATION}-output-files.xcfilelist",
			);
			runOnlyForDeploymentPostprocessing = 0;
			shellPath = /bin/sh;
			shellScript = "\"${PODS_ROOT}/Target Support Files/Pods-Tik-Tok/Pods-Tik-Tok-frameworks.sh\"\n";
			showEnvVarsInLog = 0;
		};
		84983CAA208B71A0DAF46474 /* [CP] Check Pods Manifest.lock */ = {
			isa = PBXShellScriptBuildPhase;
			buildActionMask = 2147483647;
			files = (
			);
			inputFileListPaths = (
			);
			inputPaths = (
				"${PODS_PODFILE_DIR_PATH}/Podfile.lock",
				"${PODS_ROOT}/Manifest.lock",
			);
			name = "[CP] Check Pods Manifest.lock";
			outputFileListPaths = (
			);
			outputPaths = (
				"$(DERIVED_FILE_DIR)/Pods-Tik-Tok-checkManifestLockResult.txt",
			);
			runOnlyForDeploymentPostprocessing = 0;
			shellPath = /bin/sh;
			shellScript = "diff \"${PODS_PODFILE_DIR_PATH}/Podfile.lock\" \"${PODS_ROOT}/Manifest.lock\" > /dev/null\nif [ $? != 0 ] ; then\n    # print error to STDERR\n    echo \"error: The sandbox is not in sync with the Podfile.lock. Run 'pod install' or update your CocoaPods installation.\" >&2\n    exit 1\nfi\n# This output is used by Xcode 'outputs' to avoid re-running this script phase.\necho \"SUCCESS\" > \"${SCRIPT_OUTPUT_FILE_0}\"\n";
			showEnvVarsInLog = 0;
		};
/* End PBXShellScriptBuildPhase section */

/* Begin PBXSourcesBuildPhase section */
		EC858E5B2A12782E00FFC363 /* Sources */ = {
			isa = PBXSourcesBuildPhase;
			buildActionMask = 2147483647;
			files = (
				EC858E992A127FE800FFC363 /* HapticsManager.swift in Sources */,
				EC5B322B2A17660D00A09014 /* AuthButton.swift in Sources */,
				EC127F3B2A15FA3300BED2A5 /* ExploreHashtagCollectionViewCell.swift in Sources */,
				EC858E952A127FA400FFC363 /* DataBaseManager.swift in Sources */,
				EC858E862A127EC900FFC363 /* SingInViewController.swift in Sources */,
				EC4C62682A1512750016428F /* User.swift in Sources */,
				EC4C62622A140E770016428F /* CommentTableViewCell.swift in Sources */,
				EC4C626A2A1512900016428F /* ExploreSection.swift in Sources */,
				EC858E672A12782E00FFC363 /* HomeViewController.swift in Sources */,
				EC06EB102A18DF0A0067D6EF /* CaptionViewController.swift in Sources */,
				EC127F3F2A15FA6300BED2A5 /* ExploreBannerCollectionViewCell.swift in Sources */,
				EC858E8A2A127EE400FFC363 /* SettingsViewController.swift in Sources */,
				EC4C62712A15148A0016428F /* ExploreBannerViewModel.swift in Sources */,
				EC4C626C2A1512BD0016428F /* ExploreCell.swift in Sources */,
				EC4C62642A1410F40016428F /* UIString+Ext.swift in Sources */,
				EC4C625C2A13C5400016428F /* CommentsViewController.swift in Sources */,
				EC858E8E2A127F4700FFC363 /* PostViewController.swift in Sources */,
				EC4C627B2A155AC60016428F /* ExploreManager.swift in Sources */,
				EC3A275A2A1362DC00BAA768 /* UIView+Ext.swift in Sources */,
				EC858E882A127ED800FFC363 /* SingUpViewController.swift in Sources */,
				EC858E8C2A127F0700FFC363 /* TabBarViewController.swift in Sources */,
				EC858E842A127EB800FFC363 /* UserListViewController.swift in Sources */,
				EC858E822A127E1000FFC363 /* ProfileViewController.swift in Sources */,
				EC858E7E2A127DE200FFC363 /* CameraViewController.swift in Sources */,
				EC858E972A127FCA00FFC363 /* AuthenticationManager.swift in Sources */,
				EC06EB0E2A18D56A0067D6EF /* RecordButton.swift in Sources */,
				EC4C627D2A1583010016428F /* ExploreUserCollectionViewCell.swift in Sources */,
				EC5B32292A1765C600A09014 /* AuthField.swift in Sources */,
				EC4C62732A1514A30016428F /* ExplorePostViewModel.swift in Sources */,
				EC858E7C2A127D9600FFC363 /* ExploreViewController.swift in Sources */,
				EC4C625E2A13E8090016428F /* PostComment.swift in Sources */,
				EC4C626E2A1512E40016428F /* ExploreSectionType.swift in Sources */,
				EC858E802A127DFB00FFC363 /* NotificationsViewController.swift in Sources */,
				EC3A275D2A136FFE00BAA768 /* PostModel.swift in Sources */,
				EC858E632A12782E00FFC363 /* AppDelegate.swift in Sources */,
				EC127F3D2A15FA4C00BED2A5 /* ExplorePostsCollectionViewCell.swift in Sources */,
				EC858E932A127F7C00FFC363 /* StorageManager.swift in Sources */,
				EC4C62752A1514B80016428F /* ExploreHashtagViewModel.swift in Sources */,
				EC858E912A127F6800FFC363 /* APICall.swift in Sources */,
				EC858E652A12782E00FFC363 /* SceneDelegate.swift in Sources */,
				EC4C62772A1514D70016428F /* ExploreUserViewModel.swift in Sources */,
			);
			runOnlyForDeploymentPostprocessing = 0;
		};
/* End PBXSourcesBuildPhase section */

/* Begin PBXVariantGroup section */
		EC858E6D2A12782F00FFC363 /* LaunchScreen.storyboard */ = {
			isa = PBXVariantGroup;
			children = (
				EC858E6E2A12782F00FFC363 /* Base */,
			);
			name = LaunchScreen.storyboard;
			sourceTree = "<group>";
		};
/* End PBXVariantGroup section */

/* Begin XCBuildConfiguration section */
		EC858E712A12782F00FFC363 /* Debug */ = {
			isa = XCBuildConfiguration;
			buildSettings = {
				ALWAYS_SEARCH_USER_PATHS = NO;
				CLANG_ANALYZER_NONNULL = YES;
				CLANG_ANALYZER_NUMBER_OBJECT_CONVERSION = YES_AGGRESSIVE;
				CLANG_CXX_LANGUAGE_STANDARD = "gnu++20";
				CLANG_ENABLE_MODULES = YES;
				CLANG_ENABLE_OBJC_ARC = YES;
				CLANG_ENABLE_OBJC_WEAK = YES;
				CLANG_WARN_BLOCK_CAPTURE_AUTORELEASING = YES;
				CLANG_WARN_BOOL_CONVERSION = YES;
				CLANG_WARN_COMMA = YES;
				CLANG_WARN_CONSTANT_CONVERSION = YES;
				CLANG_WARN_DEPRECATED_OBJC_IMPLEMENTATIONS = YES;
				CLANG_WARN_DIRECT_OBJC_ISA_USAGE = YES_ERROR;
				CLANG_WARN_DOCUMENTATION_COMMENTS = YES;
				CLANG_WARN_EMPTY_BODY = YES;
				CLANG_WARN_ENUM_CONVERSION = YES;
				CLANG_WARN_INFINITE_RECURSION = YES;
				CLANG_WARN_INT_CONVERSION = YES;
				CLANG_WARN_NON_LITERAL_NULL_CONVERSION = YES;
				CLANG_WARN_OBJC_IMPLICIT_RETAIN_SELF = YES;
				CLANG_WARN_OBJC_LITERAL_CONVERSION = YES;
				CLANG_WARN_OBJC_ROOT_CLASS = YES_ERROR;
				CLANG_WARN_QUOTED_INCLUDE_IN_FRAMEWORK_HEADER = YES;
				CLANG_WARN_RANGE_LOOP_ANALYSIS = YES;
				CLANG_WARN_STRICT_PROTOTYPES = YES;
				CLANG_WARN_SUSPICIOUS_MOVE = YES;
				CLANG_WARN_UNGUARDED_AVAILABILITY = YES_AGGRESSIVE;
				CLANG_WARN_UNREACHABLE_CODE = YES;
				CLANG_WARN__DUPLICATE_METHOD_MATCH = YES;
				COPY_PHASE_STRIP = NO;
				DEBUG_INFORMATION_FORMAT = dwarf;
				ENABLE_STRICT_OBJC_MSGSEND = YES;
				ENABLE_TESTABILITY = YES;
				GCC_C_LANGUAGE_STANDARD = gnu11;
				GCC_DYNAMIC_NO_PIC = NO;
				GCC_NO_COMMON_BLOCKS = YES;
				GCC_OPTIMIZATION_LEVEL = 0;
				GCC_PREPROCESSOR_DEFINITIONS = (
					"DEBUG=1",
					"$(inherited)",
				);
				GCC_WARN_64_TO_32_BIT_CONVERSION = YES;
				GCC_WARN_ABOUT_RETURN_TYPE = YES_ERROR;
				GCC_WARN_UNDECLARED_SELECTOR = YES;
				GCC_WARN_UNINITIALIZED_AUTOS = YES_AGGRESSIVE;
				GCC_WARN_UNUSED_FUNCTION = YES;
				GCC_WARN_UNUSED_VARIABLE = YES;
				IPHONEOS_DEPLOYMENT_TARGET = 16.2;
				MTL_ENABLE_DEBUG_INFO = INCLUDE_SOURCE;
				MTL_FAST_MATH = YES;
				ONLY_ACTIVE_ARCH = YES;
				SDKROOT = iphoneos;
				SWIFT_ACTIVE_COMPILATION_CONDITIONS = DEBUG;
				SWIFT_OPTIMIZATION_LEVEL = "-Onone";
			};
			name = Debug;
		};
		EC858E722A12782F00FFC363 /* Release */ = {
			isa = XCBuildConfiguration;
			buildSettings = {
				ALWAYS_SEARCH_USER_PATHS = NO;
				CLANG_ANALYZER_NONNULL = YES;
				CLANG_ANALYZER_NUMBER_OBJECT_CONVERSION = YES_AGGRESSIVE;
				CLANG_CXX_LANGUAGE_STANDARD = "gnu++20";
				CLANG_ENABLE_MODULES = YES;
				CLANG_ENABLE_OBJC_ARC = YES;
				CLANG_ENABLE_OBJC_WEAK = YES;
				CLANG_WARN_BLOCK_CAPTURE_AUTORELEASING = YES;
				CLANG_WARN_BOOL_CONVERSION = YES;
				CLANG_WARN_COMMA = YES;
				CLANG_WARN_CONSTANT_CONVERSION = YES;
				CLANG_WARN_DEPRECATED_OBJC_IMPLEMENTATIONS = YES;
				CLANG_WARN_DIRECT_OBJC_ISA_USAGE = YES_ERROR;
				CLANG_WARN_DOCUMENTATION_COMMENTS = YES;
				CLANG_WARN_EMPTY_BODY = YES;
				CLANG_WARN_ENUM_CONVERSION = YES;
				CLANG_WARN_INFINITE_RECURSION = YES;
				CLANG_WARN_INT_CONVERSION = YES;
				CLANG_WARN_NON_LITERAL_NULL_CONVERSION = YES;
				CLANG_WARN_OBJC_IMPLICIT_RETAIN_SELF = YES;
				CLANG_WARN_OBJC_LITERAL_CONVERSION = YES;
				CLANG_WARN_OBJC_ROOT_CLASS = YES_ERROR;
				CLANG_WARN_QUOTED_INCLUDE_IN_FRAMEWORK_HEADER = YES;
				CLANG_WARN_RANGE_LOOP_ANALYSIS = YES;
				CLANG_WARN_STRICT_PROTOTYPES = YES;
				CLANG_WARN_SUSPICIOUS_MOVE = YES;
				CLANG_WARN_UNGUARDED_AVAILABILITY = YES_AGGRESSIVE;
				CLANG_WARN_UNREACHABLE_CODE = YES;
				CLANG_WARN__DUPLICATE_METHOD_MATCH = YES;
				COPY_PHASE_STRIP = NO;
				DEBUG_INFORMATION_FORMAT = "dwarf-with-dsym";
				ENABLE_NS_ASSERTIONS = NO;
				ENABLE_STRICT_OBJC_MSGSEND = YES;
				GCC_C_LANGUAGE_STANDARD = gnu11;
				GCC_NO_COMMON_BLOCKS = YES;
				GCC_WARN_64_TO_32_BIT_CONVERSION = YES;
				GCC_WARN_ABOUT_RETURN_TYPE = YES_ERROR;
				GCC_WARN_UNDECLARED_SELECTOR = YES;
				GCC_WARN_UNINITIALIZED_AUTOS = YES_AGGRESSIVE;
				GCC_WARN_UNUSED_FUNCTION = YES;
				GCC_WARN_UNUSED_VARIABLE = YES;
				IPHONEOS_DEPLOYMENT_TARGET = 16.2;
				MTL_ENABLE_DEBUG_INFO = NO;
				MTL_FAST_MATH = YES;
				SDKROOT = iphoneos;
				SWIFT_COMPILATION_MODE = wholemodule;
				SWIFT_OPTIMIZATION_LEVEL = "-O";
				VALIDATE_PRODUCT = YES;
			};
			name = Release;
		};
		EC858E742A12782F00FFC363 /* Debug */ = {
			isa = XCBuildConfiguration;
			baseConfigurationReference = 31316598F2408CA1B106D7D6 /* Pods-Tik-Tok.debug.xcconfig */;
			buildSettings = {
				ASSETCATALOG_COMPILER_APPICON_NAME = AppIcon;
				ASSETCATALOG_COMPILER_GLOBAL_ACCENT_COLOR_NAME = AccentColor;
				CODE_SIGN_STYLE = Automatic;
				CURRENT_PROJECT_VERSION = 1;
				DEVELOPMENT_TEAM = 3496F3A4HL;
				GENERATE_INFOPLIST_FILE = YES;
				INFOPLIST_FILE = "Tik-Tok/Resources/Info.plist";
				INFOPLIST_KEY_UIApplicationSupportsIndirectInputEvents = YES;
				INFOPLIST_KEY_UILaunchStoryboardName = LaunchScreen;
				INFOPLIST_KEY_UIMainStoryboardFile = "";
				INFOPLIST_KEY_UISupportedInterfaceOrientations = UIInterfaceOrientationPortrait;
				INFOPLIST_KEY_UISupportedInterfaceOrientations_iPad = "UIInterfaceOrientationLandscapeLeft UIInterfaceOrientationLandscapeRight UIInterfaceOrientationPortrait UIInterfaceOrientationPortraitUpsideDown";
				IPHONEOS_DEPLOYMENT_TARGET = 13.0;
				LD_RUNPATH_SEARCH_PATHS = (
					"$(inherited)",
					"@executable_path/Frameworks",
				);
				MARKETING_VERSION = 1.0;
				PRODUCT_BUNDLE_IDENTIFIER = "com.my.Tik-Tok";
				PRODUCT_NAME = "$(TARGET_NAME)";
				SUPPORTED_PLATFORMS = "iphoneos iphonesimulator";
				SUPPORTS_MACCATALYST = NO;
				SUPPORTS_MAC_DESIGNED_FOR_IPHONE_IPAD = NO;
				SWIFT_EMIT_LOC_STRINGS = YES;
				SWIFT_VERSION = 5.0;
				TARGETED_DEVICE_FAMILY = 1;
			};
			name = Debug;
		};
		EC858E752A12782F00FFC363 /* Release */ = {
			isa = XCBuildConfiguration;
			baseConfigurationReference = 71A109BAF988C9EB55A05E45 /* Pods-Tik-Tok.release.xcconfig */;
			buildSettings = {
				ASSETCATALOG_COMPILER_APPICON_NAME = AppIcon;
				ASSETCATALOG_COMPILER_GLOBAL_ACCENT_COLOR_NAME = AccentColor;
				CODE_SIGN_STYLE = Automatic;
				CURRENT_PROJECT_VERSION = 1;
				DEVELOPMENT_TEAM = 3496F3A4HL;
				GENERATE_INFOPLIST_FILE = YES;
				INFOPLIST_FILE = "Tik-Tok/Resources/Info.plist";
				INFOPLIST_KEY_UIApplicationSupportsIndirectInputEvents = YES;
				INFOPLIST_KEY_UILaunchStoryboardName = LaunchScreen;
				INFOPLIST_KEY_UIMainStoryboardFile = "";
				INFOPLIST_KEY_UISupportedInterfaceOrientations = UIInterfaceOrientationPortrait;
				INFOPLIST_KEY_UISupportedInterfaceOrientations_iPad = "UIInterfaceOrientationLandscapeLeft UIInterfaceOrientationLandscapeRight UIInterfaceOrientationPortrait UIInterfaceOrientationPortraitUpsideDown";
				IPHONEOS_DEPLOYMENT_TARGET = 13.0;
				LD_RUNPATH_SEARCH_PATHS = (
					"$(inherited)",
					"@executable_path/Frameworks",
				);
				MARKETING_VERSION = 1.0;
				PRODUCT_BUNDLE_IDENTIFIER = "com.my.Tik-Tok";
				PRODUCT_NAME = "$(TARGET_NAME)";
				SUPPORTED_PLATFORMS = "iphoneos iphonesimulator";
				SUPPORTS_MACCATALYST = NO;
				SUPPORTS_MAC_DESIGNED_FOR_IPHONE_IPAD = NO;
				SWIFT_EMIT_LOC_STRINGS = YES;
				SWIFT_VERSION = 5.0;
				TARGETED_DEVICE_FAMILY = 1;
			};
			name = Release;
		};
/* End XCBuildConfiguration section */

/* Begin XCConfigurationList section */
		EC858E5A2A12782E00FFC363 /* Build configuration list for PBXProject "Tik-Tok" */ = {
			isa = XCConfigurationList;
			buildConfigurations = (
				EC858E712A12782F00FFC363 /* Debug */,
				EC858E722A12782F00FFC363 /* Release */,
			);
			defaultConfigurationIsVisible = 0;
			defaultConfigurationName = Release;
		};
		EC858E732A12782F00FFC363 /* Build configuration list for PBXNativeTarget "Tik-Tok" */ = {
			isa = XCConfigurationList;
			buildConfigurations = (
				EC858E742A12782F00FFC363 /* Debug */,
				EC858E752A12782F00FFC363 /* Release */,
			);
			defaultConfigurationIsVisible = 0;
			defaultConfigurationName = Release;
		};
/* End XCConfigurationList section */

/* Begin XCRemoteSwiftPackageReference section */
		EC06EB112A192D310067D6EF /* XCRemoteSwiftPackageReference "ProgressHUD" */ = {
			isa = XCRemoteSwiftPackageReference;
			repositoryURL = "https://github.com/relatedcode/ProgressHUD";
			requirement = {
				branch = master;
				kind = branch;
			};
		};
		EC5B321C2A17510300A09014 /* XCRemoteSwiftPackageReference "firebase-ios-sdk" */ = {
			isa = XCRemoteSwiftPackageReference;
			repositoryURL = "https://github.com/firebase/firebase-ios-sdk";
			requirement = {
				kind = upToNextMajorVersion;
				minimumVersion = 9.0.0;
			};
		};
/* End XCRemoteSwiftPackageReference section */

/* Begin XCSwiftPackageProductDependency section */
		EC06EB122A192D310067D6EF /* ProgressHUD */ = {
			isa = XCSwiftPackageProductDependency;
			package = EC06EB112A192D310067D6EF /* XCRemoteSwiftPackageReference "ProgressHUD" */;
			productName = ProgressHUD;
		};
		EC5B321D2A17510300A09014 /* FirebaseAnalytics */ = {
			isa = XCSwiftPackageProductDependency;
			package = EC5B321C2A17510300A09014 /* XCRemoteSwiftPackageReference "firebase-ios-sdk" */;
			productName = FirebaseAnalytics;
		};
		EC5B321F2A17510300A09014 /* FirebaseAuth */ = {
			isa = XCSwiftPackageProductDependency;
			package = EC5B321C2A17510300A09014 /* XCRemoteSwiftPackageReference "firebase-ios-sdk" */;
			productName = FirebaseAuth;
		};
		EC5B32212A17510300A09014 /* FirebaseCrashlytics */ = {
			isa = XCSwiftPackageProductDependency;
			package = EC5B321C2A17510300A09014 /* XCRemoteSwiftPackageReference "firebase-ios-sdk" */;
			productName = FirebaseCrashlytics;
		};
		EC5B32232A17510300A09014 /* FirebaseDatabase */ = {
			isa = XCSwiftPackageProductDependency;
			package = EC5B321C2A17510300A09014 /* XCRemoteSwiftPackageReference "firebase-ios-sdk" */;
			productName = FirebaseDatabase;
		};
		EC5B32252A17510300A09014 /* FirebaseStorage */ = {
			isa = XCSwiftPackageProductDependency;
			package = EC5B321C2A17510300A09014 /* XCRemoteSwiftPackageReference "firebase-ios-sdk" */;
			productName = FirebaseStorage;
		};
/* End XCSwiftPackageProductDependency section */
	};
	rootObject = EC858E572A12782E00FFC363 /* Project object */;
}
